{
  "name": "test",
  "version": "1.0.0",
  "lockfileVersion": 3,
  "requires": true,
  "packages": {
    "": {
      "name": "test",
      "version": "1.0.0",
      "license": "ISC",
      "dependencies": {
        "nexium": "^1.0.9"
      }
    },
    "node_modules/nexium": {
      "version": "1.0.9",
      "resolved": "https://registry.npmjs.org/nexium/-/nexium-1.0.9.tgz",
      "integrity": "sha512-+AmrLElqWT3c6Qst2KgpbE6a3VyJrdBpuJ18HRHgwkd/KWf4yfeyAm0k5EcehYCGvGai7SgX1Jm4E073Rn4z2A==",
      "hasInstallScript": true,
      "dependencies": {
        "node-addon-api": "^5.0.0"
      }
    },
    "node_modules/node-addon-api": {
      "version": "5.1.0",
      "resolved": "https://registry.npmjs.org/node-addon-api/-/node-addon-api-5.1.0.tgz",
      "integrity": "sha512-eh0GgfEkpnoWDq+VY8OyvYhFEzBk6jIYbRKdIlyTiAXIVJ8PyBaKb0rp7oDtoddbdoHWhq8wwr+XZ81F1rpNdA=="
    }
  }
}
